
Microsoft Visual Studio Solution File, Format Version 12.00
# Visual Studio Version 16
VisualStudioVersion = 16.0.29519.87
MinimumVisualStudioVersion = 10.0.40219.1
Project("{FAE04EC0-301F-11D3-BF4B-00C04F79EFBC}") = "Mixmo", "Mixmo\Mixmo.csproj", "{92361898-AD1A-4560-8E20-1662E9C68947}"
EndProject
Global
	GlobalSection(SolutionConfigurationPlatforms) = preSolution
		Debug|Any CPU = Debug|Any CPU
		Release|Any CPU = Release|Any CPU
	EndGlobalSection
	GlobalSection(ProjectConfigurationPlatforms) = postSolution
		{92361898-AD1A-4560-8E20-1662E9C68947}.Debug|Any CPU.ActiveCfg = Debug|Any CPU
		{92361898-AD1A-4560-8E20-1662E9C68947}.Debug|Any CPU.Build.0 = Debug|Any CPU
		{92361898-AD1A-4560-8E20-1662E9C68947}.Release|Any CPU.ActiveCfg = Release|Any CPU
		{92361898-AD1A-4560-8E20-1662E9C68947}.Release|Any CPU.Build.0 = Release|Any CPU
	EndGlobalSection
	GlobalSection(SolutionProperties) = preSolution
		HideSolutionNode = FALSE
	EndGlobalSection
	GlobalSection(ExtensibilityGlobals) = postSolution
		SolutionGuid = {C4F7AF3F-68E7-4F8E-B6DF-20C9CD39F1C5}
	EndGlobalSection
EndGlobal
